// !$*UTF8*$!
{
	archiveVersion = 1;
	classes = {
	};
	objectVersion = 56;
	objects = {

/* Begin PBXBuildFile section */
		650A045B2CCA402000E784A7 /* SprintIntervalAppApp.swift in Sources */ = {isa = PBXBuildFile; fileRef = 650A045A2CCA402000E784A7 /* SprintIntervalAppApp.swift */; };
		650A045D2CCA402000E784A7 /* SprintSetupView.swift in Sources */ = {isa = PBXBuildFile; fileRef = 650A045C2CCA402000E784A7 /* SprintSetupView.swift */; };
		650A045F2CCA402200E784A7 /* Assets.xcassets in Resources */ = {isa = PBXBuildFile; fileRef = 650A045E2CCA402200E784A7 /* Assets.xcassets */; };
		650A04622CCA402200E784A7 /* Preview Assets.xcassets in Resources */ = {isa = PBXBuildFile; fileRef = 650A04612CCA402200E784A7 /* Preview Assets.xcassets */; };
		650A046C2CCA402300E784A7 /* SprintIntervalAppTests.swift in Sources */ = {isa = PBXBuildFile; fileRef = 650A046B2CCA402300E784A7 /* SprintIntervalAppTests.swift */; };
		650A04762CCA402300E784A7 /* SprintIntervalAppUITests.swift in Sources */ = {isa = PBXBuildFile; fileRef = 650A04752CCA402300E784A7 /* SprintIntervalAppUITests.swift */; };
		650A04782CCA402300E784A7 /* SprintIntervalAppUITestsLaunchTests.swift in Sources */ = {isa = PBXBuildFile; fileRef = 650A04772CCA402300E784A7 /* SprintIntervalAppUITestsLaunchTests.swift */; };
		652C73572CCAEDD00045D72F /* SprintSetupViewModel.swift in Sources */ = {isa = PBXBuildFile; fileRef = 652C73562CCAEDD00045D72F /* SprintSetupViewModel.swift */; };
		652C735A2CCAF1520045D72F /* SprintSession.swift in Sources */ = {isa = PBXBuildFile; fileRef = 652C73592CCAF1520045D72F /* SprintSession.swift */; };
		652C735D2CCAF19A0045D72F /* SprintTimerView.swift in Sources */ = {isa = PBXBuildFile; fileRef = 652C735C2CCAF19A0045D72F /* SprintTimerView.swift */; };
/* End PBXBuildFile section */

/* Begin PBXContainerItemProxy section */
		650A04682CCA402300E784A7 /* PBXContainerItemProxy */ = {
			isa = PBXContainerItemProxy;
			containerPortal = 650A044F2CCA402000E784A7 /* Project object */;
			proxyType = 1;
			remoteGlobalIDString = 650A04562CCA402000E784A7;
			remoteInfo = SprintIntervalApp;
		};
		650A04722CCA402300E784A7 /* PBXContainerItemProxy */ = {
			isa = PBXContainerItemProxy;
			containerPortal = 650A044F2CCA402000E784A7 /* Project object */;
			proxyType = 1;
			remoteGlobalIDString = 650A04562CCA402000E784A7;
			remoteInfo = SprintIntervalApp;
		};
/* End PBXContainerItemProxy section */

/* Begin PBXFileReference section */
		650A04572CCA402000E784A7 /* SprintIntervalApp.app */ = {isa = PBXFileReference; explicitFileType = wrapper.application; includeInIndex = 0; path = SprintIntervalApp.app; sourceTree = BUILT_PRODUCTS_DIR; };
		650A045A2CCA402000E784A7 /* SprintIntervalAppApp.swift */ = {isa = PBXFileReference; lastKnownFileType = sourcecode.swift; path = SprintIntervalAppApp.swift; sourceTree = "<group>"; };
		650A045C2CCA402000E784A7 /* SprintSetupView.swift */ = {isa = PBXFileReference; lastKnownFileType = sourcecode.swift; path = SprintSetupView.swift; sourceTree = "<group>"; };
		650A045E2CCA402200E784A7 /* Assets.xcassets */ = {isa = PBXFileReference; lastKnownFileType = folder.assetcatalog; path = Assets.xcassets; sourceTree = "<group>"; };
		650A04612CCA402200E784A7 /* Preview Assets.xcassets */ = {isa = PBXFileReference; lastKnownFileType = folder.assetcatalog; path = "Preview Assets.xcassets"; sourceTree = "<group>"; };
		650A04672CCA402300E784A7 /* SprintIntervalAppTests.xctest */ = {isa = PBXFileReference; explicitFileType = wrapper.cfbundle; includeInIndex = 0; path = SprintIntervalAppTests.xctest; sourceTree = BUILT_PRODUCTS_DIR; };
		650A046B2CCA402300E784A7 /* SprintIntervalAppTests.swift */ = {isa = PBXFileReference; lastKnownFileType = sourcecode.swift; path = SprintIntervalAppTests.swift; sourceTree = "<group>"; };
		650A04712CCA402300E784A7 /* SprintIntervalAppUITests.xctest */ = {isa = PBXFileReference; explicitFileType = wrapper.cfbundle; includeInIndex = 0; path = SprintIntervalAppUITests.xctest; sourceTree = BUILT_PRODUCTS_DIR; };
		650A04752CCA402300E784A7 /* SprintIntervalAppUITests.swift */ = {isa = PBXFileReference; lastKnownFileType = sourcecode.swift; path = SprintIntervalAppUITests.swift; sourceTree = "<group>"; };
		650A04772CCA402300E784A7 /* SprintIntervalAppUITestsLaunchTests.swift */ = {isa = PBXFileReference; lastKnownFileType = sourcecode.swift; path = SprintIntervalAppUITestsLaunchTests.swift; sourceTree = "<group>"; };
		652C73562CCAEDD00045D72F /* SprintSetupViewModel.swift */ = {isa = PBXFileReference; lastKnownFileType = sourcecode.swift; path = SprintSetupViewModel.swift; sourceTree = "<group>"; };
		652C73592CCAF1520045D72F /* SprintSession.swift */ = {isa = PBXFileReference; lastKnownFileType = sourcecode.swift; path = SprintSession.swift; sourceTree = "<group>"; };
		652C735C2CCAF19A0045D72F /* SprintTimerView.swift */ = {isa = PBXFileReference; lastKnownFileType = sourcecode.swift; path = SprintTimerView.swift; sourceTree = "<group>"; };
/* End PBXFileReference section */

/* Begin PBXFrameworksBuildPhase section */
		650A04542CCA402000E784A7 /* Frameworks */ = {
			isa = PBXFrameworksBuildPhase;
			buildActionMask = 2147483647;
			files = (
			);
			runOnlyForDeploymentPostprocessing = 0;
		};
		650A04642CCA402300E784A7 /* Frameworks */ = {
			isa = PBXFrameworksBuildPhase;
			buildActionMask = 2147483647;
			files = (
			);
			runOnlyForDeploymentPostprocessing = 0;
		};
		650A046E2CCA402300E784A7 /* Frameworks */ = {
			isa = PBXFrameworksBuildPhase;
			buildActionMask = 2147483647;
			files = (
			);
			runOnlyForDeploymentPostprocessing = 0;
		};
/* End PBXFrameworksBuildPhase section */

/* Begin PBXGroup section */
		650A044E2CCA402000E784A7 = {
			isa = PBXGroup;
			children = (
				650A04592CCA402000E784A7 /* SprintIntervalApp */,
				650A046A2CCA402300E784A7 /* SprintIntervalAppTests */,
				650A04742CCA402300E784A7 /* SprintIntervalAppUITests */,
				650A04582CCA402000E784A7 /* Products */,
			);
			sourceTree = "<group>";
		};
		650A04582CCA402000E784A7 /* Products */ = {
			isa = PBXGroup;
			children = (
				650A04572CCA402000E784A7 /* SprintIntervalApp.app */,
				650A04672CCA402300E784A7 /* SprintIntervalAppTests.xctest */,
				650A04712CCA402300E784A7 /* SprintIntervalAppUITests.xctest */,
			);
			name = Products;
			sourceTree = "<group>";
		};
		650A04592CCA402000E784A7 /* SprintIntervalApp */ = {
			isa = PBXGroup;
			children = (
				652C73542CCAED790045D72F /* Features */,
				650A045A2CCA402000E784A7 /* SprintIntervalAppApp.swift */,
				650A045E2CCA402200E784A7 /* Assets.xcassets */,
				650A04602CCA402200E784A7 /* Preview Content */,
			);
			path = SprintIntervalApp;
			sourceTree = "<group>";
		};
		650A04602CCA402200E784A7 /* Preview Content */ = {
			isa = PBXGroup;
			children = (
				650A04612CCA402200E784A7 /* Preview Assets.xcassets */,
			);
			path = "Preview Content";
			sourceTree = "<group>";
		};
		650A046A2CCA402300E784A7 /* SprintIntervalAppTests */ = {
			isa = PBXGroup;
			children = (
				650A046B2CCA402300E784A7 /* SprintIntervalAppTests.swift */,
			);
			path = SprintIntervalAppTests;
			sourceTree = "<group>";
		};
		650A04742CCA402300E784A7 /* SprintIntervalAppUITests */ = {
			isa = PBXGroup;
			children = (
				650A04752CCA402300E784A7 /* SprintIntervalAppUITests.swift */,
				650A04772CCA402300E784A7 /* SprintIntervalAppUITestsLaunchTests.swift */,
			);
			path = SprintIntervalAppUITests;
			sourceTree = "<group>";
		};
		652C73542CCAED790045D72F /* Features */ = {
			isa = PBXGroup;
			children = (
				652C735B2CCAF1800045D72F /* SprintTimer */,
				652C73552CCAED810045D72F /* SprintSetup */,
			);
			path = Features;
			sourceTree = "<group>";
		};
		652C73552CCAED810045D72F /* SprintSetup */ = {
			isa = PBXGroup;
			children = (
				652C73582CCAF1450045D72F /* Model */,
				650A045C2CCA402000E784A7 /* SprintSetupView.swift */,
				652C73562CCAEDD00045D72F /* SprintSetupViewModel.swift */,
			);
			path = SprintSetup;
			sourceTree = "<group>";
		};
		652C73582CCAF1450045D72F /* Model */ = {
			isa = PBXGroup;
			children = (
				652C73592CCAF1520045D72F /* SprintSession.swift */,
			);
			path = Model;
			sourceTree = "<group>";
		};
		652C735B2CCAF1800045D72F /* SprintTimer */ = {
			isa = PBXGroup;
			children = (
				652C735C2CCAF19A0045D72F /* SprintTimerView.swift */,
			);
			path = SprintTimer;
			sourceTree = "<group>";
		};
/* End PBXGroup section */

/* Begin PBXNativeTarget section */
		650A04562CCA402000E784A7 /* SprintIntervalApp */ = {
			isa = PBXNativeTarget;
			buildConfigurationList = 650A047B2CCA402300E784A7 /* Build configuration list for PBXNativeTarget "SprintIntervalApp" */;
			buildPhases = (
				650A04532CCA402000E784A7 /* Sources */,
				650A04542CCA402000E784A7 /* Frameworks */,
				650A04552CCA402000E784A7 /* Resources */,
			);
			buildRules = (
			);
			dependencies = (
			);
			name = SprintIntervalApp;
			productName = SprintIntervalApp;
			productReference = 650A04572CCA402000E784A7 /* SprintIntervalApp.app */;
			productType = "com.apple.product-type.application";
		};
		650A04662CCA402300E784A7 /* SprintIntervalAppTests */ = {
			isa = PBXNativeTarget;
			buildConfigurationList = 650A047E2CCA402300E784A7 /* Build configuration list for PBXNativeTarget "SprintIntervalAppTests" */;
			buildPhases = (
				650A04632CCA402300E784A7 /* Sources */,
				650A04642CCA402300E784A7 /* Frameworks */,
				650A04652CCA402300E784A7 /* Resources */,
			);
			buildRules = (
			);
			dependencies = (
				650A04692CCA402300E784A7 /* PBXTargetDependency */,
			);
			name = SprintIntervalAppTests;
			productName = SprintIntervalAppTests;
			productReference = 650A04672CCA402300E784A7 /* SprintIntervalAppTests.xctest */;
			productType = "com.apple.product-type.bundle.unit-test";
		};
		650A04702CCA402300E784A7 /* SprintIntervalAppUITests */ = {
			isa = PBXNativeTarget;
			buildConfigurationList = 650A04812CCA402300E784A7 /* Build configuration list for PBXNativeTarget "SprintIntervalAppUITests" */;
			buildPhases = (
				650A046D2CCA402300E784A7 /* Sources */,
				650A046E2CCA402300E784A7 /* Frameworks */,
				650A046F2CCA402300E784A7 /* Resources */,
			);
			buildRules = (
			);
			dependencies = (
				650A04732CCA402300E784A7 /* PBXTargetDependency */,
			);
			name = SprintIntervalAppUITests;
			productName = SprintIntervalAppUITests;
			productReference = 650A04712CCA402300E784A7 /* SprintIntervalAppUITests.xctest */;
			productType = "com.apple.product-type.bundle.ui-testing";
		};
/* End PBXNativeTarget section */

/* Begin PBXProject section */
		650A044F2CCA402000E784A7 /* Project object */ = {
			isa = PBXProject;
			attributes = {
				BuildIndependentTargetsInParallel = 1;
				LastSwiftUpdateCheck = 1500;
				LastUpgradeCheck = 1500;
				TargetAttributes = {
					650A04562CCA402000E784A7 = {
						CreatedOnToolsVersion = 15.0.1;
					};
					650A04662CCA402300E784A7 = {
						CreatedOnToolsVersion = 15.0.1;
						TestTargetID = 650A04562CCA402000E784A7;
					};
					650A04702CCA402300E784A7 = {
						CreatedOnToolsVersion = 15.0.1;
						TestTargetID = 650A04562CCA402000E784A7;
					};
				};
			};
			buildConfigurationList = 650A04522CCA402000E784A7 /* Build configuration list for PBXProject "SprintIntervalApp" */;
			compatibilityVersion = "Xcode 14.0";
			developmentRegion = en;
			hasScannedForEncodings = 0;
			knownRegions = (
				en,
				Base,
			);
			mainGroup = 650A044E2CCA402000E784A7;
			productRefGroup = 650A04582CCA402000E784A7 /* Products */;
			projectDirPath = "";
			projectRoot = "";
			targets = (
				650A04562CCA402000E784A7 /* SprintIntervalApp */,
				650A04662CCA402300E784A7 /* SprintIntervalAppTests */,
				650A04702CCA402300E784A7 /* SprintIntervalAppUITests */,
			);
		};
/* End PBXProject section */

/* Begin PBXResourcesBuildPhase section */
		650A04552CCA402000E784A7 /* Resources */ = {
			isa = PBXResourcesBuildPhase;
			buildActionMask = 2147483647;
			files = (
				650A04622CCA402200E784A7 /* Preview Assets.xcassets in Resources */,
				650A045F2CCA402200E784A7 /* Assets.xcassets in Resources */,
			);
			runOnlyForDeploymentPostprocessing = 0;
		};
		650A04652CCA402300E784A7 /* Resources */ = {
			isa = PBXResourcesBuildPhase;
			buildActionMask = 2147483647;
			files = (
			);
			runOnlyForDeploymentPostprocessing = 0;
		};
		650A046F2CCA402300E784A7 /* Resources */ = {
			isa = PBXResourcesBuildPhase;
			buildActionMask = 2147483647;
			files = (
			);
			runOnlyForDeploymentPostprocessing = 0;
		};
/* End PBXResourcesBuildPhase section */

/* Begin PBXSourcesBuildPhase section */
		650A04532CCA402000E784A7 /* Sources */ = {
			isa = PBXSourcesBuildPhase;
			buildActionMask = 2147483647;
			files = (
				650A045D2CCA402000E784A7 /* SprintSetupView.swift in Sources */,
				652C735D2CCAF19A0045D72F /* SprintTimerView.swift in Sources */,
				652C73572CCAEDD00045D72F /* SprintSetupViewModel.swift in Sources */,
				652C735A2CCAF1520045D72F /* SprintSession.swift in Sources */,
				650A045B2CCA402000E784A7 /* SprintIntervalAppApp.swift in Sources */,
			);
			runOnlyForDeploymentPostprocessing = 0;
		};
		650A04632CCA402300E784A7 /* Sources */ = {
			isa = PBXSourcesBuildPhase;
			buildActionMask = 2147483647;
			files = (
				650A046C2CCA402300E784A7 /* SprintIntervalAppTests.swift in Sources */,
			);
			runOnlyForDeploymentPostprocessing = 0;
		};
		650A046D2CCA402300E784A7 /* Sources */ = {
			isa = PBXSourcesBuildPhase;
			buildActionMask = 2147483647;
			files = (
				650A04762CCA402300E784A7 /* SprintIntervalAppUITests.swift in Sources */,
				650A04782CCA402300E784A7 /* SprintIntervalAppUITestsLaunchTests.swift in Sources */,
			);
			runOnlyForDeploymentPostprocessing = 0;
		};
/* End PBXSourcesBuildPhase section */

/* Begin PBXTargetDependency section */
		650A04692CCA402300E784A7 /* PBXTargetDependency */ = {
			isa = PBXTargetDependency;
			target = 650A04562CCA402000E784A7 /* SprintIntervalApp */;
			targetProxy = 650A04682CCA402300E784A7 /* PBXContainerItemProxy */;
		};
		650A04732CCA402300E784A7 /* PBXTargetDependency */ = {
			isa = PBXTargetDependency;
			target = 650A04562CCA402000E784A7 /* SprintIntervalApp */;
			targetProxy = 650A04722CCA402300E784A7 /* PBXContainerItemProxy */;
		};
/* End PBXTargetDependency section */

/* Begin XCBuildConfiguration section */
		650A04792CCA402300E784A7 /* Debug */ = {
			isa = XCBuildConfiguration;
			buildSettings = {
				ALWAYS_SEARCH_USER_PATHS = NO;
				ASSETCATALOG_COMPILER_GENERATE_SWIFT_ASSET_SYMBOL_EXTENSIONS = YES;
				CLANG_ANALYZER_NONNULL = YES;
				CLANG_ANALYZER_NUMBER_OBJECT_CONVERSION = YES_AGGRESSIVE;
				CLANG_CXX_LANGUAGE_STANDARD = "gnu++20";
				CLANG_ENABLE_MODULES = YES;
				CLANG_ENABLE_OBJC_ARC = YES;
				CLANG_ENABLE_OBJC_WEAK = YES;
				CLANG_WARN_BLOCK_CAPTURE_AUTORELEASING = YES;
				CLANG_WARN_BOOL_CONVERSION = YES;
				CLANG_WARN_COMMA = YES;
				CLANG_WARN_CONSTANT_CONVERSION = YES;
				CLANG_WARN_DEPRECATED_OBJC_IMPLEMENTATIONS = YES;
				CLANG_WARN_DIRECT_OBJC_ISA_USAGE = YES_ERROR;
				CLANG_WARN_DOCUMENTATION_COMMENTS = YES;
				CLANG_WARN_EMPTY_BODY = YES;
				CLANG_WARN_ENUM_CONVERSION = YES;
				CLANG_WARN_INFINITE_RECURSION = YES;
				CLANG_WARN_INT_CONVERSION = YES;
				CLANG_WARN_NON_LITERAL_NULL_CONVERSION = YES;
				CLANG_WARN_OBJC_IMPLICIT_RETAIN_SELF = YES;
				CLANG_WARN_OBJC_LITERAL_CONVERSION = YES;
				CLANG_WARN_OBJC_ROOT_CLASS = YES_ERROR;
				CLANG_WARN_QUOTED_INCLUDE_IN_FRAMEWORK_HEADER = YES;
				CLANG_WARN_RANGE_LOOP_ANALYSIS = YES;
				CLANG_WARN_STRICT_PROTOTYPES = YES;
				CLANG_WARN_SUSPICIOUS_MOVE = YES;
				CLANG_WARN_UNGUARDED_AVAILABILITY = YES_AGGRESSIVE;
				CLANG_WARN_UNREACHABLE_CODE = YES;
				CLANG_WARN__DUPLICATE_METHOD_MATCH = YES;
				COPY_PHASE_STRIP = NO;
				DEBUG_INFORMATION_FORMAT = dwarf;
				ENABLE_STRICT_OBJC_MSGSEND = YES;
				ENABLE_TESTABILITY = YES;
				ENABLE_USER_SCRIPT_SANDBOXING = YES;
				GCC_C_LANGUAGE_STANDARD = gnu17;
				GCC_DYNAMIC_NO_PIC = NO;
				GCC_NO_COMMON_BLOCKS = YES;
				GCC_OPTIMIZATION_LEVEL = 0;
				GCC_PREPROCESSOR_DEFINITIONS = (
					"DEBUG=1",
					"$(inherited)",
				);
				GCC_WARN_64_TO_32_BIT_CONVERSION = YES;
				GCC_WARN_ABOUT_RETURN_TYPE = YES_ERROR;
				GCC_WARN_UNDECLARED_SELECTOR = YES;
				GCC_WARN_UNINITIALIZED_AUTOS = YES_AGGRESSIVE;
				GCC_WARN_UNUSED_FUNCTION = YES;
				GCC_WARN_UNUSED_VARIABLE = YES;
				IPHONEOS_DEPLOYMENT_TARGET = 17.0;
				LOCALIZATION_PREFERS_STRING_CATALOGS = YES;
				MTL_ENABLE_DEBUG_INFO = INCLUDE_SOURCE;
				MTL_FAST_MATH = YES;
				ONLY_ACTIVE_ARCH = YES;
				SDKROOT = iphoneos;
				SWIFT_ACTIVE_COMPILATION_CONDITIONS = "DEBUG $(inherited)";
				SWIFT_OPTIMIZATION_LEVEL = "-Onone";
			};
			name = Debug;
		};
		650A047A2CCA402300E784A7 /* Release */ = {
			isa = XCBuildConfiguration;
			buildSettings = {
				ALWAYS_SEARCH_USER_PATHS = NO;
				ASSETCATALOG_COMPILER_GENERATE_SWIFT_ASSET_SYMBOL_EXTENSIONS = YES;
				CLANG_ANALYZER_NONNULL = YES;
				CLANG_ANALYZER_NUMBER_OBJECT_CONVERSION = YES_AGGRESSIVE;
				CLANG_CXX_LANGUAGE_STANDARD = "gnu++20";
				CLANG_ENABLE_MODULES = YES;
				CLANG_ENABLE_OBJC_ARC = YES;
				CLANG_ENABLE_OBJC_WEAK = YES;
				CLANG_WARN_BLOCK_CAPTURE_AUTORELEASING = YES;
				CLANG_WARN_BOOL_CONVERSION = YES;
				CLANG_WARN_COMMA = YES;
				CLANG_WARN_CONSTANT_CONVERSION = YES;
				CLANG_WARN_DEPRECATED_OBJC_IMPLEMENTATIONS = YES;
				CLANG_WARN_DIRECT_OBJC_ISA_USAGE = YES_ERROR;
				CLANG_WARN_DOCUMENTATION_COMMENTS = YES;
				CLANG_WARN_EMPTY_BODY = YES;
				CLANG_WARN_ENUM_CONVERSION = YES;
				CLANG_WARN_INFINITE_RECURSION = YES;
				CLANG_WARN_INT_CONVERSION = YES;
				CLANG_WARN_NON_LITERAL_NULL_CONVERSION = YES;
				CLANG_WARN_OBJC_IMPLICIT_RETAIN_SELF = YES;
				CLANG_WARN_OBJC_LITERAL_CONVERSION = YES;
				CLANG_WARN_OBJC_ROOT_CLASS = YES_ERROR;
				CLANG_WARN_QUOTED_INCLUDE_IN_FRAMEWORK_HEADER = YES;
				CLANG_WARN_RANGE_LOOP_ANALYSIS = YES;
				CLANG_WARN_STRICT_PROTOTYPES = YES;
				CLANG_WARN_SUSPICIOUS_MOVE = YES;
				CLANG_WARN_UNGUARDED_AVAILABILITY = YES_AGGRESSIVE;
				CLANG_WARN_UNREACHABLE_CODE = YES;
				CLANG_WARN__DUPLICATE_METHOD_MATCH = YES;
				COPY_PHASE_STRIP = NO;
				DEBUG_INFORMATION_FORMAT = "dwarf-with-dsym";
				ENABLE_NS_ASSERTIONS = NO;
				ENABLE_STRICT_OBJC_MSGSEND = YES;
				ENABLE_USER_SCRIPT_SANDBOXING = YES;
				GCC_C_LANGUAGE_STANDARD = gnu17;
				GCC_NO_COMMON_BLOCKS = YES;
				GCC_WARN_64_TO_32_BIT_CONVERSION = YES;
				GCC_WARN_ABOUT_RETURN_TYPE = YES_ERROR;
				GCC_WARN_UNDECLARED_SELECTOR = YES;
				GCC_WARN_UNINITIALIZED_AUTOS = YES_AGGRESSIVE;
				GCC_WARN_UNUSED_FUNCTION = YES;
				GCC_WARN_UNUSED_VARIABLE = YES;
				IPHONEOS_DEPLOYMENT_TARGET = 17.0;
				LOCALIZATION_PREFERS_STRING_CATALOGS = YES;
				MTL_ENABLE_DEBUG_INFO = NO;
				MTL_FAST_MATH = YES;
				SDKROOT = iphoneos;
				SWIFT_COMPILATION_MODE = wholemodule;
				VALIDATE_PRODUCT = YES;
			};
			name = Release;
		};
		650A047C2CCA402300E784A7 /* Debug */ = {
			isa = XCBuildConfiguration;
			buildSettings = {
				ASSETCATALOG_COMPILER_APPICON_NAME = AppIcon;
				ASSETCATALOG_COMPILER_GLOBAL_ACCENT_COLOR_NAME = AccentColor;
				CODE_SIGN_STYLE = Automatic;
				CURRENT_PROJECT_VERSION = 1;
				DEVELOPMENT_ASSET_PATHS = "\"SprintIntervalApp/Preview Content\"";
				DEVELOPMENT_TEAM = NBDCQ76D6V;
				ENABLE_PREVIEWS = YES;
				GENERATE_INFOPLIST_FILE = YES;
				INFOPLIST_KEY_UIApplicationSceneManifest_Generation = YES;
				INFOPLIST_KEY_UIApplicationSupportsIndirectInputEvents = YES;
				INFOPLIST_KEY_UILaunchScreen_Generation = YES;
				INFOPLIST_KEY_UISupportedInterfaceOrientations_iPad = "UIInterfaceOrientationPortrait UIInterfaceOrientationPortraitUpsideDown UIInterfaceOrientationLandscapeLeft UIInterfaceOrientationLandscapeRight";
				INFOPLIST_KEY_UISupportedInterfaceOrientations_iPhone = "UIInterfaceOrientationPortrait UIInterfaceOrientationLandscapeLeft UIInterfaceOrientationLandscapeRight";
				LD_RUNPATH_SEARCH_PATHS = (
					"$(inherited)",
					"@executable_path/Frameworks",
				);
				MARKETING_VERSION = 1.0;
				PRODUCT_BUNDLE_IDENTIFIER = lucas.romero.SprintIntervalApp;
				PRODUCT_NAME = "$(TARGET_NAME)";
				SWIFT_EMIT_LOC_STRINGS = YES;
				SWIFT_VERSION = 5.0;
				TARGETED_DEVICE_FAMILY = "1,2";
			};
			name = Debug;
		};
		650A047D2CCA402300E784A7 /* Release */ = {
			isa = XCBuildConfiguration;
			buildSettings = {
				ASSETCATALOG_COMPILER_APPICON_NAME = AppIcon;
				ASSETCATALOG_COMPILER_GLOBAL_ACCENT_COLOR_NAME = AccentColor;
				CODE_SIGN_STYLE = Automatic;
				CURRENT_PROJECT_VERSION = 1;
				DEVELOPMENT_ASSET_PATHS = "\"SprintIntervalApp/Preview Content\"";
				DEVELOPMENT_TEAM = NBDCQ76D6V;
				ENABLE_PREVIEWS = YES;
				GENERATE_INFOPLIST_FILE = YES;
				INFOPLIST_KEY_UIApplicationSceneManifest_Generation = YES;
				INFOPLIST_KEY_UIApplicationSupportsIndirectInputEvents = YES;
				INFOPLIST_KEY_UILaunchScreen_Generation = YES;
				INFOPLIST_KEY_UISupportedInterfaceOrientations_iPad = "UIInterfaceOrientationPortrait UIInterfaceOrientationPortraitUpsideDown UIInterfaceOrientationLandscapeLeft UIInterfaceOrientationLandscapeRight";
				INFOPLIST_KEY_UISupportedInterfaceOrientations_iPhone = "UIInterfaceOrientationPortrait UIInterfaceOrientationLandscapeLeft UIInterfaceOrientationLandscapeRight";
				LD_RUNPATH_SEARCH_PATHS = (
					"$(inherited)",
					"@executable_path/Frameworks",
				);
				MARKETING_VERSION = 1.0;
				PRODUCT_BUNDLE_IDENTIFIER = lucas.romero.SprintIntervalApp;
				PRODUCT_NAME = "$(TARGET_NAME)";
				SWIFT_EMIT_LOC_STRINGS = YES;
				SWIFT_VERSION = 5.0;
				TARGETED_DEVICE_FAMILY = "1,2";
			};
			name = Release;
		};
		650A047F2CCA402300E784A7 /* Debug */ = {
			isa = XCBuildConfiguration;
			buildSettings = {
				ALWAYS_EMBED_SWIFT_STANDARD_LIBRARIES = YES;
				BUNDLE_LOADER = "$(TEST_HOST)";
				CODE_SIGN_STYLE = Automatic;
				CURRENT_PROJECT_VERSION = 1;
				DEVELOPMENT_TEAM = NBDCQ76D6V;
				GENERATE_INFOPLIST_FILE = YES;
				IPHONEOS_DEPLOYMENT_TARGET = 17.0;
				MARKETING_VERSION = 1.0;
				PRODUCT_BUNDLE_IDENTIFIER = lucas.romero.SprintIntervalAppTests;
				PRODUCT_NAME = "$(TARGET_NAME)";
				SWIFT_EMIT_LOC_STRINGS = NO;
				SWIFT_VERSION = 5.0;
				TARGETED_DEVICE_FAMILY = "1,2";
				TEST_HOST = "$(BUILT_PRODUCTS_DIR)/SprintIntervalApp.app/$(BUNDLE_EXECUTABLE_FOLDER_PATH)/SprintIntervalApp";
			};
			name = Debug;
		};
		650A04802CCA402300E784A7 /* Release */ = {
			isa = XCBuildConfiguration;
			buildSettings = {
				ALWAYS_EMBED_SWIFT_STANDARD_LIBRARIES = YES;
				BUNDLE_LOADER = "$(TEST_HOST)";
				CODE_SIGN_STYLE = Automatic;
				CURRENT_PROJECT_VERSION = 1;
				DEVELOPMENT_TEAM = NBDCQ76D6V;
				GENERATE_INFOPLIST_FILE = YES;
				IPHONEOS_DEPLOYMENT_TARGET = 17.0;
				MARKETING_VERSION = 1.0;
				PRODUCT_BUNDLE_IDENTIFIER = lucas.romero.SprintIntervalAppTests;
				PRODUCT_NAME = "$(TARGET_NAME)";
				SWIFT_EMIT_LOC_STRINGS = NO;
				SWIFT_VERSION = 5.0;
				TARGETED_DEVICE_FAMILY = "1,2";
				TEST_HOST = "$(BUILT_PRODUCTS_DIR)/SprintIntervalApp.app/$(BUNDLE_EXECUTABLE_FOLDER_PATH)/SprintIntervalApp";
			};
			name = Release;
		};
		650A04822CCA402300E784A7 /* Debug */ = {
			isa = XCBuildConfiguration;
			buildSettings = {
				ALWAYS_EMBED_SWIFT_STANDARD_LIBRARIES = YES;
				CODE_SIGN_STYLE = Automatic;
				CURRENT_PROJECT_VERSION = 1;
				DEVELOPMENT_TEAM = NBDCQ76D6V;
				GENERATE_INFOPLIST_FILE = YES;
				MARKETING_VERSION = 1.0;
				PRODUCT_BUNDLE_IDENTIFIER = lucas.romero.SprintIntervalAppUITests;
				PRODUCT_NAME = "$(TARGET_NAME)";
				SWIFT_EMIT_LOC_STRINGS = NO;
				SWIFT_VERSION = 5.0;
				TARGETED_DEVICE_FAMILY = "1,2";
				TEST_TARGET_NAME = SprintIntervalApp;
			};
			name = Debug;
		};
		650A04832CCA402300E784A7 /* Release */ = {
			isa = XCBuildConfiguration;
			buildSettings = {
				ALWAYS_EMBED_SWIFT_STANDARD_LIBRARIES = YES;
				CODE_SIGN_STYLE = Automatic;
				CURRENT_PROJECT_VERSION = 1;
				DEVELOPMENT_TEAM = NBDCQ76D6V;
				GENERATE_INFOPLIST_FILE = YES;
				MARKETING_VERSION = 1.0;
				PRODUCT_BUNDLE_IDENTIFIER = lucas.romero.SprintIntervalAppUITests;
				PRODUCT_NAME = "$(TARGET_NAME)";
				SWIFT_EMIT_LOC_STRINGS = NO;
				SWIFT_VERSION = 5.0;
				TARGETED_DEVICE_FAMILY = "1,2";
				TEST_TARGET_NAME = SprintIntervalApp;
			};
			name = Release;
		};
/* End XCBuildConfiguration section */

/* Begin XCConfigurationList section */
		650A04522CCA402000E784A7 /* Build configuration list for PBXProject "SprintIntervalApp" */ = {
			isa = XCConfigurationList;
			buildConfigurations = (
				650A04792CCA402300E784A7 /* Debug */,
				650A047A2CCA402300E784A7 /* Release */,
			);
			defaultConfigurationIsVisible = 0;
			defaultConfigurationName = Release;
		};
		650A047B2CCA402300E784A7 /* Build configuration list for PBXNativeTarget "SprintIntervalApp" */ = {
			isa = XCConfigurationList;
			buildConfigurations = (
				650A047C2CCA402300E784A7 /* Debug */,
				650A047D2CCA402300E784A7 /* Release */,
			);
			defaultConfigurationIsVisible = 0;
			defaultConfigurationName = Release;
		};
		650A047E2CCA402300E784A7 /* Build configuration list for PBXNativeTarget "SprintIntervalAppTests" */ = {
			isa = XCConfigurationList;
			buildConfigurations = (
				650A047F2CCA402300E784A7 /* Debug */,
				650A04802CCA402300E784A7 /* Release */,
			);
			defaultConfigurationIsVisible = 0;
			defaultConfigurationName = Release;
		};
		650A04812CCA402300E784A7 /* Build configuration list for PBXNativeTarget "SprintIntervalAppUITests" */ = {
			isa = XCConfigurationList;
			buildConfigurations = (
				650A04822CCA402300E784A7 /* Debug */,
				650A04832CCA402300E784A7 /* Release */,
			);
			defaultConfigurationIsVisible = 0;
			defaultConfigurationName = Release;
		};
/* End XCConfigurationList section */
	};
	rootObject = 650A044F2CCA402000E784A7 /* Project object */;
}
